
Microsoft Visual Studio Solution File, Format Version 12.00
# Visual Studio Version 16
VisualStudioVersion = 16.0.29009.5
MinimumVisualStudioVersion = 10.0.40219.1
Project("{FAE04EC0-301F-11D3-BF4B-00C04F79EFBC}") = "Serialization", "Serialization\Serialization.csproj", "{0C98FF40-5974-45EF-AD07-2C3584BF0E29}"
EndProject
Global
	GlobalSection(SolutionConfigurationPlatforms) = preSolution
		Debug|Any CPU = Debug|Any CPU
		Release|Any CPU = Release|Any CPU
	EndGlobalSection
	GlobalSection(ProjectConfigurationPlatforms) = postSolution
		{0C98FF40-5974-45EF-AD07-2C3584BF0E29}.Debug|Any CPU.ActiveCfg = Debug|Any CPU
		{0C98FF40-5974-45EF-AD07-2C3584BF0E29}.Debug|Any CPU.Build.0 = Debug|Any CPU
		{0C98FF40-5974-45EF-AD07-2C3584BF0E29}.Release|Any CPU.ActiveCfg = Release|Any CPU
		{0C98FF40-5974-45EF-AD07-2C3584BF0E29}.Release|Any CPU.Build.0 = Release|Any CPU
	EndGlobalSection
	GlobalSection(SolutionProperties) = preSolution
		HideSolutionNode = FALSE
	EndGlobalSection
	GlobalSection(ExtensibilityGlobals) = postSolution
		SolutionGuid = {0EBEA754-78D7-4A88-86D8-ED528C22DCF1}
	EndGlobalSection
EndGlobal
